
Microsoft Visual Studio Solution File, Format Version 12.00
# Visual Studio Version 16
VisualStudioVersion = 16.0.29519.87
MinimumVisualStudioVersion = 10.0.40219.1
Project("{FAE04EC0-301F-11D3-BF4B-00C04F79EFBC}") = "PlantillaPruebasDeConcepto.Domain", "PlantillaPruebasDeConcepto.Domain\PlantillaPruebasDeConcepto.Domain.csproj", "{84B3B5C6-7FB4-4E9F-84FF-8B7085622072}"
EndProject
Project("{FAE04EC0-301F-11D3-BF4B-00C04F79EFBC}") = "PlantillaPruebasDeConcepto.Infrastructure", "PlantillaPruebasDeConcepto.Infrastructure\PlantillaPruebasDeConcepto.Infrastructure.csproj", "{042DC873-7D55-4323-85FC-7A863DF6C547}"
EndProject
Project("{FAE04EC0-301F-11D3-BF4B-00C04F79EFBC}") = "PlantillaPruebasDeConcepto.API", "PlantillaPruebasDeConcepto.API\PlantillaPruebasDeConcepto.API.csproj", "{C2939633-8F39-4C76-BE4D-BCCC1977B6E2}"
EndProject
Global
	GlobalSection(SolutionConfigurationPlatforms) = preSolution
		Debug|Any CPU = Debug|Any CPU
		Release|Any CPU = Release|Any CPU
	EndGlobalSection
	GlobalSection(ProjectConfigurationPlatforms) = postSolution
		{84B3B5C6-7FB4-4E9F-84FF-8B7085622072}.Debug|Any CPU.ActiveCfg = Debug|Any CPU
		{84B3B5C6-7FB4-4E9F-84FF-8B7085622072}.Debug|Any CPU.Build.0 = Debug|Any CPU
		{84B3B5C6-7FB4-4E9F-84FF-8B7085622072}.Release|Any CPU.ActiveCfg = Release|Any CPU
		{84B3B5C6-7FB4-4E9F-84FF-8B7085622072}.Release|Any CPU.Build.0 = Release|Any CPU
		{042DC873-7D55-4323-85FC-7A863DF6C547}.Debug|Any CPU.ActiveCfg = Debug|Any CPU
		{042DC873-7D55-4323-85FC-7A863DF6C547}.Debug|Any CPU.Build.0 = Debug|Any CPU
		{042DC873-7D55-4323-85FC-7A863DF6C547}.Release|Any CPU.ActiveCfg = Release|Any CPU
		{042DC873-7D55-4323-85FC-7A863DF6C547}.Release|Any CPU.Build.0 = Release|Any CPU
		{C2939633-8F39-4C76-BE4D-BCCC1977B6E2}.Debug|Any CPU.ActiveCfg = Debug|Any CPU
		{C2939633-8F39-4C76-BE4D-BCCC1977B6E2}.Debug|Any CPU.Build.0 = Debug|Any CPU
		{C2939633-8F39-4C76-BE4D-BCCC1977B6E2}.Release|Any CPU.ActiveCfg = Release|Any CPU
		{C2939633-8F39-4C76-BE4D-BCCC1977B6E2}.Release|Any CPU.Build.0 = Release|Any CPU
	EndGlobalSection
	GlobalSection(SolutionProperties) = preSolution
		HideSolutionNode = FALSE
	EndGlobalSection
	GlobalSection(ExtensibilityGlobals) = postSolution
		SolutionGuid = {A322EC7F-F919-49E0-828E-D70EE92DCD4B}
	EndGlobalSection
EndGlobal
